
Microsoft Visual Studio Solution File, Format Version 12.00
# Visual Studio Version 17
VisualStudioVersion = 17.0.31912.275
MinimumVisualStudioVersion = 10.0.40219.1
Project("{FAE04EC0-301F-11D3-BF4B-00C04F79EFBC}") = "BestTestsExample", "BestTestsExample\BestTestsExample.csproj", "{9BD76B6F-C2A7-4237-B7B2-EBEB92050EBB}"
EndProject
Project("{FAE04EC0-301F-11D3-BF4B-00C04F79EFBC}") = "BestTestsExampleTests", "BestTestsExampleTests\BestTestsExampleTests.csproj", "{B202AA4C-98F1-47F3-B399-D87CCD6F0847}"
EndProject
Global
	GlobalSection(SolutionConfigurationPlatforms) = preSolution
		Debug|Any CPU = Debug|Any CPU
		Release|Any CPU = Release|Any CPU
	EndGlobalSection
	GlobalSection(ProjectConfigurationPlatforms) = postSolution
		{9BD76B6F-C2A7-4237-B7B2-EBEB92050EBB}.Debug|Any CPU.ActiveCfg = Debug|Any CPU
		{9BD76B6F-C2A7-4237-B7B2-EBEB92050EBB}.Debug|Any CPU.Build.0 = Debug|Any CPU
		{9BD76B6F-C2A7-4237-B7B2-EBEB92050EBB}.Release|Any CPU.ActiveCfg = Release|Any CPU
		{9BD76B6F-C2A7-4237-B7B2-EBEB92050EBB}.Release|Any CPU.Build.0 = Release|Any CPU
		{B202AA4C-98F1-47F3-B399-D87CCD6F0847}.Debug|Any CPU.ActiveCfg = Debug|Any CPU
		{B202AA4C-98F1-47F3-B399-D87CCD6F0847}.Debug|Any CPU.Build.0 = Debug|Any CPU
		{B202AA4C-98F1-47F3-B399-D87CCD6F0847}.Release|Any CPU.ActiveCfg = Release|Any CPU
		{B202AA4C-98F1-47F3-B399-D87CCD6F0847}.Release|Any CPU.Build.0 = Release|Any CPU
	EndGlobalSection
	GlobalSection(SolutionProperties) = preSolution
		HideSolutionNode = FALSE
	EndGlobalSection
	GlobalSection(ExtensibilityGlobals) = postSolution
		SolutionGuid = {197EC599-11B0-4401-8A32-513F96DA8353}
	EndGlobalSection
EndGlobal
